// !$*UTF8*$!
{
	archiveVersion = 1;
	classes = {
	};
	objectVersion = 50;
	objects = {

/* Begin PBXBuildFile section */
		5913BA4425C1F11000139662 /* AppDelegate.swift in Sources */ = {isa = PBXBuildFile; fileRef = 5913BA4325C1F11000139662 /* AppDelegate.swift */; };
		5913BA4625C1F11000139662 /* SceneDelegate.swift in Sources */ = {isa = PBXBuildFile; fileRef = 5913BA4525C1F11000139662 /* SceneDelegate.swift */; };
		5913BA4825C1F11000139662 /* CalculateViewController.swift in Sources */ = {isa = PBXBuildFile; fileRef = 5913BA4725C1F11000139662 /* CalculateViewController.swift */; };
		5913BA4B25C1F11000139662 /* Main.storyboard in Resources */ = {isa = PBXBuildFile; fileRef = 5913BA4925C1F11000139662 /* Main.storyboard */; };
		5913BA4D25C1F11100139662 /* Assets.xcassets in Resources */ = {isa = PBXBuildFile; fileRef = 5913BA4C25C1F11100139662 /* Assets.xcassets */; };
		5913BA5025C1F11100139662 /* LaunchScreen.storyboard in Resources */ = {isa = PBXBuildFile; fileRef = 5913BA4E25C1F11100139662 /* LaunchScreen.storyboard */; };
		5913BA5B25C1F11100139662 /* BMITests.swift in Sources */ = {isa = PBXBuildFile; fileRef = 5913BA5A25C1F11100139662 /* BMITests.swift */; };
		5913BA6625C1F11100139662 /* BMIUITests.swift in Sources */ = {isa = PBXBuildFile; fileRef = 5913BA6525C1F11100139662 /* BMIUITests.swift */; };
		5947639B25C20ECC00C1AFC3 /* ResultViewController.swift in Sources */ = {isa = PBXBuildFile; fileRef = 5947639A25C20ECC00C1AFC3 /* ResultViewController.swift */; };
		598FE8AB25C3714D00A16471 /* CalculatorBrain.swift in Sources */ = {isa = PBXBuildFile; fileRef = 598FE8AA25C3714D00A16471 /* CalculatorBrain.swift */; };
		598FE8B025C379A200A16471 /* BMI.swift in Sources */ = {isa = PBXBuildFile; fileRef = 598FE8AF25C379A200A16471 /* BMI.swift */; };
/* End PBXBuildFile section */

/* Begin PBXContainerItemProxy section */
		5913BA5725C1F11100139662 /* PBXContainerItemProxy */ = {
			isa = PBXContainerItemProxy;
			containerPortal = 5913BA3825C1F11000139662 /* Project object */;
			proxyType = 1;
			remoteGlobalIDString = 5913BA3F25C1F11000139662;
			remoteInfo = BMI;
		};
		5913BA6225C1F11100139662 /* PBXContainerItemProxy */ = {
			isa = PBXContainerItemProxy;
			containerPortal = 5913BA3825C1F11000139662 /* Project object */;
			proxyType = 1;
			remoteGlobalIDString = 5913BA3F25C1F11000139662;
			remoteInfo = BMI;
		};
/* End PBXContainerItemProxy section */

/* Begin PBXFileReference section */
		5913BA4025C1F11000139662 /* BMI.app */ = {isa = PBXFileReference; explicitFileType = wrapper.application; includeInIndex = 0; path = BMI.app; sourceTree = BUILT_PRODUCTS_DIR; };
		5913BA4325C1F11000139662 /* AppDelegate.swift */ = {isa = PBXFileReference; lastKnownFileType = sourcecode.swift; path = AppDelegate.swift; sourceTree = "<group>"; };
		5913BA4525C1F11000139662 /* SceneDelegate.swift */ = {isa = PBXFileReference; lastKnownFileType = sourcecode.swift; path = SceneDelegate.swift; sourceTree = "<group>"; };
		5913BA4725C1F11000139662 /* CalculateViewController.swift */ = {isa = PBXFileReference; lastKnownFileType = sourcecode.swift; path = CalculateViewController.swift; sourceTree = "<group>"; };
		5913BA4A25C1F11000139662 /* Base */ = {isa = PBXFileReference; lastKnownFileType = file.storyboard; name = Base; path = Base.lproj/Main.storyboard; sourceTree = "<group>"; };
		5913BA4C25C1F11100139662 /* Assets.xcassets */ = {isa = PBXFileReference; lastKnownFileType = folder.assetcatalog; path = Assets.xcassets; sourceTree = "<group>"; };
		5913BA4F25C1F11100139662 /* Base */ = {isa = PBXFileReference; lastKnownFileType = file.storyboard; name = Base; path = Base.lproj/LaunchScreen.storyboard; sourceTree = "<group>"; };
		5913BA5125C1F11100139662 /* Info.plist */ = {isa = PBXFileReference; lastKnownFileType = text.plist.xml; path = Info.plist; sourceTree = "<group>"; };
		5913BA5625C1F11100139662 /* BMITests.xctest */ = {isa = PBXFileReference; explicitFileType = wrapper.cfbundle; includeInIndex = 0; path = BMITests.xctest; sourceTree = BUILT_PRODUCTS_DIR; };
		5913BA5A25C1F11100139662 /* BMITests.swift */ = {isa = PBXFileReference; lastKnownFileType = sourcecode.swift; path = BMITests.swift; sourceTree = "<group>"; };
		5913BA5C25C1F11100139662 /* Info.plist */ = {isa = PBXFileReference; lastKnownFileType = text.plist.xml; path = Info.plist; sourceTree = "<group>"; };
		5913BA6125C1F11100139662 /* BMIUITests.xctest */ = {isa = PBXFileReference; explicitFileType = wrapper.cfbundle; includeInIndex = 0; path = BMIUITests.xctest; sourceTree = BUILT_PRODUCTS_DIR; };
		5913BA6525C1F11100139662 /* BMIUITests.swift */ = {isa = PBXFileReference; lastKnownFileType = sourcecode.swift; path = BMIUITests.swift; sourceTree = "<group>"; };
		5913BA6725C1F11100139662 /* Info.plist */ = {isa = PBXFileReference; lastKnownFileType = text.plist.xml; path = Info.plist; sourceTree = "<group>"; };
		5947639A25C20ECC00C1AFC3 /* ResultViewController.swift */ = {isa = PBXFileReference; lastKnownFileType = sourcecode.swift; path = ResultViewController.swift; sourceTree = "<group>"; };
		598FE8AA25C3714D00A16471 /* CalculatorBrain.swift */ = {isa = PBXFileReference; lastKnownFileType = sourcecode.swift; path = CalculatorBrain.swift; sourceTree = "<group>"; };
		598FE8AF25C379A200A16471 /* BMI.swift */ = {isa = PBXFileReference; lastKnownFileType = sourcecode.swift; path = BMI.swift; sourceTree = "<group>"; };
/* End PBXFileReference section */

/* Begin PBXFrameworksBuildPhase section */
		5913BA3D25C1F11000139662 /* Frameworks */ = {
			isa = PBXFrameworksBuildPhase;
			buildActionMask = 2147483647;
			files = (
			);
			runOnlyForDeploymentPostprocessing = 0;
		};
		5913BA5325C1F11100139662 /* Frameworks */ = {
			isa = PBXFrameworksBuildPhase;
			buildActionMask = 2147483647;
			files = (
			);
			runOnlyForDeploymentPostprocessing = 0;
		};
		5913BA5E25C1F11100139662 /* Frameworks */ = {
			isa = PBXFrameworksBuildPhase;
			buildActionMask = 2147483647;
			files = (
			);
			runOnlyForDeploymentPostprocessing = 0;
		};
/* End PBXFrameworksBuildPhase section */

/* Begin PBXGroup section */
		5913BA3725C1F11000139662 = {
			isa = PBXGroup;
			children = (
				5913BA4225C1F11000139662 /* BMI */,
				5913BA5925C1F11100139662 /* BMITests */,
				5913BA6425C1F11100139662 /* BMIUITests */,
				5913BA4125C1F11000139662 /* Products */,
			);
			sourceTree = "<group>";
		};
		5913BA4125C1F11000139662 /* Products */ = {
			isa = PBXGroup;
			children = (
				5913BA4025C1F11000139662 /* BMI.app */,
				5913BA5625C1F11100139662 /* BMITests.xctest */,
				5913BA6125C1F11100139662 /* BMIUITests.xctest */,
			);
			name = Products;
			sourceTree = "<group>";
		};
		5913BA4225C1F11000139662 /* BMI */ = {
			isa = PBXGroup;
			children = (
				5913BA7725C1F16200139662 /* Model */,
				5913BA7625C1F15100139662 /* View */,
				5947639625C20EB100C1AFC3 /* Controller */,
				5913BA4525C1F11000139662 /* SceneDelegate.swift */,
				5913BA4325C1F11000139662 /* AppDelegate.swift */,
				5913BA4C25C1F11100139662 /* Assets.xcassets */,
				5913BA4E25C1F11100139662 /* LaunchScreen.storyboard */,
				5913BA5125C1F11100139662 /* Info.plist */,
			);
			path = BMI;
			sourceTree = "<group>";
		};
		5913BA5925C1F11100139662 /* BMITests */ = {
			isa = PBXGroup;
			children = (
				5913BA5A25C1F11100139662 /* BMITests.swift */,
				5913BA5C25C1F11100139662 /* Info.plist */,
			);
			path = BMITests;
			sourceTree = "<group>";
		};
		5913BA6425C1F11100139662 /* BMIUITests */ = {
			isa = PBXGroup;
			children = (
				5913BA6525C1F11100139662 /* BMIUITests.swift */,
				5913BA6725C1F11100139662 /* Info.plist */,
			);
			path = BMIUITests;
			sourceTree = "<group>";
		};
		5913BA7625C1F15100139662 /* View */ = {
			isa = PBXGroup;
			children = (
				5913BA4925C1F11000139662 /* Main.storyboard */,
			);
			path = View;
			sourceTree = "<group>";
		};
		5913BA7725C1F16200139662 /* Model */ = {
			isa = PBXGroup;
			children = (
				598FE8AA25C3714D00A16471 /* CalculatorBrain.swift */,
				598FE8AF25C379A200A16471 /* BMI.swift */,
			);
			path = Model;
			sourceTree = "<group>";
		};
		5947639625C20EB100C1AFC3 /* Controller */ = {
			isa = PBXGroup;
			children = (
				5913BA4725C1F11000139662 /* CalculateViewController.swift */,
				5947639A25C20ECC00C1AFC3 /* ResultViewController.swift */,
			);
			path = Controller;
			sourceTree = "<group>";
		};
/* End PBXGroup section */

/* Begin PBXNativeTarget section */
		5913BA3F25C1F11000139662 /* BMI */ = {
			isa = PBXNativeTarget;
			buildConfigurationList = 5913BA6A25C1F11100139662 /* Build configuration list for PBXNativeTarget "BMI" */;
			buildPhases = (
				5913BA3C25C1F11000139662 /* Sources */,
				5913BA3D25C1F11000139662 /* Frameworks */,
				5913BA3E25C1F11000139662 /* Resources */,
			);
			buildRules = (
			);
			dependencies = (
			);
			name = BMI;
			productName = BMI;
			productReference = 5913BA4025C1F11000139662 /* BMI.app */;
			productType = "com.apple.product-type.application";
		};
		5913BA5525C1F11100139662 /* BMITests */ = {
			isa = PBXNativeTarget;
			buildConfigurationList = 5913BA6D25C1F11100139662 /* Build configuration list for PBXNativeTarget "BMITests" */;
			buildPhases = (
				5913BA5225C1F11100139662 /* Sources */,
				5913BA5325C1F11100139662 /* Frameworks */,
				5913BA5425C1F11100139662 /* Resources */,
			);
			buildRules = (
			);
			dependencies = (
				5913BA5825C1F11100139662 /* PBXTargetDependency */,
			);
			name = BMITests;
			productName = BMITests;
			productReference = 5913BA5625C1F11100139662 /* BMITests.xctest */;
			productType = "com.apple.product-type.bundle.unit-test";
		};
		5913BA6025C1F11100139662 /* BMIUITests */ = {
			isa = PBXNativeTarget;
			buildConfigurationList = 5913BA7025C1F11100139662 /* Build configuration list for PBXNativeTarget "BMIUITests" */;
			buildPhases = (
				5913BA5D25C1F11100139662 /* Sources */,
				5913BA5E25C1F11100139662 /* Frameworks */,
				5913BA5F25C1F11100139662 /* Resources */,
			);
			buildRules = (
			);
			dependencies = (
				5913BA6325C1F11100139662 /* PBXTargetDependency */,
			);
			name = BMIUITests;
			productName = BMIUITests;
			productReference = 5913BA6125C1F11100139662 /* BMIUITests.xctest */;
			productType = "com.apple.product-type.bundle.ui-testing";
		};
/* End PBXNativeTarget section */

/* Begin PBXProject section */
		5913BA3825C1F11000139662 /* Project object */ = {
			isa = PBXProject;
			attributes = {
				LastSwiftUpdateCheck = 1230;
				LastUpgradeCheck = 1230;
				TargetAttributes = {
					5913BA3F25C1F11000139662 = {
						CreatedOnToolsVersion = 12.3;
					};
					5913BA5525C1F11100139662 = {
						CreatedOnToolsVersion = 12.3;
						TestTargetID = 5913BA3F25C1F11000139662;
					};
					5913BA6025C1F11100139662 = {
						CreatedOnToolsVersion = 12.3;
						TestTargetID = 5913BA3F25C1F11000139662;
					};
				};
			};
			buildConfigurationList = 5913BA3B25C1F11000139662 /* Build configuration list for PBXProject "BMI" */;
			compatibilityVersion = "Xcode 9.3";
			developmentRegion = en;
			hasScannedForEncodings = 0;
			knownRegions = (
				en,
				Base,
			);
			mainGroup = 5913BA3725C1F11000139662;
			productRefGroup = 5913BA4125C1F11000139662 /* Products */;
			projectDirPath = "";
			projectRoot = "";
			targets = (
				5913BA3F25C1F11000139662 /* BMI */,
				5913BA5525C1F11100139662 /* BMITests */,
				5913BA6025C1F11100139662 /* BMIUITests */,
			);
		};
/* End PBXProject section */

/* Begin PBXResourcesBuildPhase section */
		5913BA3E25C1F11000139662 /* Resources */ = {
			isa = PBXResourcesBuildPhase;
			buildActionMask = 2147483647;
			files = (
				5913BA5025C1F11100139662 /* LaunchScreen.storyboard in Resources */,
				5913BA4D25C1F11100139662 /* Assets.xcassets in Resources */,
				5913BA4B25C1F11000139662 /* Main.storyboard in Resources */,
			);
			runOnlyForDeploymentPostprocessing = 0;
		};
		5913BA5425C1F11100139662 /* Resources */ = {
			isa = PBXResourcesBuildPhase;
			buildActionMask = 2147483647;
			files = (
			);
			runOnlyForDeploymentPostprocessing = 0;
		};
		5913BA5F25C1F11100139662 /* Resources */ = {
			isa = PBXResourcesBuildPhase;
			buildActionMask = 2147483647;
			files = (
			);
			runOnlyForDeploymentPostprocessing = 0;
		};
/* End PBXResourcesBuildPhase section */

/* Begin PBXSourcesBuildPhase section */
		5913BA3C25C1F11000139662 /* Sources */ = {
			isa = PBXSourcesBuildPhase;
			buildActionMask = 2147483647;
			files = (
				5913BA4825C1F11000139662 /* CalculateViewController.swift in Sources */,
				5913BA4425C1F11000139662 /* AppDelegate.swift in Sources */,
				5913BA4625C1F11000139662 /* SceneDelegate.swift in Sources */,
				598FE8AB25C3714D00A16471 /* CalculatorBrain.swift in Sources */,
				598FE8B025C379A200A16471 /* BMI.swift in Sources */,
				5947639B25C20ECC00C1AFC3 /* ResultViewController.swift in Sources */,
			);
			runOnlyForDeploymentPostprocessing = 0;
		};
		5913BA5225C1F11100139662 /* Sources */ = {
			isa = PBXSourcesBuildPhase;
			buildActionMask = 2147483647;
			files = (
				5913BA5B25C1F11100139662 /* BMITests.swift in Sources */,
			);
			runOnlyForDeploymentPostprocessing = 0;
		};
		5913BA5D25C1F11100139662 /* Sources */ = {
			isa = PBXSourcesBuildPhase;
			buildActionMask = 2147483647;
			files = (
				5913BA6625C1F11100139662 /* BMIUITests.swift in Sources */,
			);
			runOnlyForDeploymentPostprocessing = 0;
		};
/* End PBXSourcesBuildPhase section */

/* Begin PBXTargetDependency section */
		5913BA5825C1F11100139662 /* PBXTargetDependency */ = {
			isa = PBXTargetDependency;
			target = 5913BA3F25C1F11000139662 /* BMI */;
			targetProxy = 5913BA5725C1F11100139662 /* PBXContainerItemProxy */;
		};
		5913BA6325C1F11100139662 /* PBXTargetDependency */ = {
			isa = PBXTargetDependency;
			target = 5913BA3F25C1F11000139662 /* BMI */;
			targetProxy = 5913BA6225C1F11100139662 /* PBXContainerItemProxy */;
		};
/* End PBXTargetDependency section */

/* Begin PBXVariantGroup section */
		5913BA4925C1F11000139662 /* Main.storyboard */ = {
			isa = PBXVariantGroup;
			children = (
				5913BA4A25C1F11000139662 /* Base */,
			);
			name = Main.storyboard;
			sourceTree = "<group>";
		};
		5913BA4E25C1F11100139662 /* LaunchScreen.storyboard */ = {
			isa = PBXVariantGroup;
			children = (
				5913BA4F25C1F11100139662 /* Base */,
			);
			name = LaunchScreen.storyboard;
			sourceTree = "<group>";
		};
/* End PBXVariantGroup section */

/* Begin XCBuildConfiguration section */
		5913BA6825C1F11100139662 /* Debug */ = {
			isa = XCBuildConfiguration;
			buildSettings = {
				ALWAYS_SEARCH_USER_PATHS = NO;
				CLANG_ANALYZER_NONNULL = YES;
				CLANG_ANALYZER_NUMBER_OBJECT_CONVERSION = YES_AGGRESSIVE;
				CLANG_CXX_LANGUAGE_STANDARD = "gnu++14";
				CLANG_CXX_LIBRARY = "libc++";
				CLANG_ENABLE_MODULES = YES;
				CLANG_ENABLE_OBJC_ARC = YES;
				CLANG_ENABLE_OBJC_WEAK = YES;
				CLANG_WARN_BLOCK_CAPTURE_AUTORELEASING = YES;
				CLANG_WARN_BOOL_CONVERSION = YES;
				CLANG_WARN_COMMA = YES;
				CLANG_WARN_CONSTANT_CONVERSION = YES;
				CLANG_WARN_DEPRECATED_OBJC_IMPLEMENTATIONS = YES;
				CLANG_WARN_DIRECT_OBJC_ISA_USAGE = YES_ERROR;
				CLANG_WARN_DOCUMENTATION_COMMENTS = YES;
				CLANG_WARN_EMPTY_BODY = YES;
				CLANG_WARN_ENUM_CONVERSION = YES;
				CLANG_WARN_INFINITE_RECURSION = YES;
				CLANG_WARN_INT_CONVERSION = YES;
				CLANG_WARN_NON_LITERAL_NULL_CONVERSION = YES;
				CLANG_WARN_OBJC_IMPLICIT_RETAIN_SELF = YES;
				CLANG_WARN_OBJC_LITERAL_CONVERSION = YES;
				CLANG_WARN_OBJC_ROOT_CLASS = YES_ERROR;
				CLANG_WARN_QUOTED_INCLUDE_IN_FRAMEWORK_HEADER = YES;
				CLANG_WARN_RANGE_LOOP_ANALYSIS = YES;
				CLANG_WARN_STRICT_PROTOTYPES = YES;
				CLANG_WARN_SUSPICIOUS_MOVE = YES;
				CLANG_WARN_UNGUARDED_AVAILABILITY = YES_AGGRESSIVE;
				CLANG_WARN_UNREACHABLE_CODE = YES;
				CLANG_WARN__DUPLICATE_METHOD_MATCH = YES;
				COPY_PHASE_STRIP = NO;
				DEBUG_INFORMATION_FORMAT = dwarf;
				ENABLE_STRICT_OBJC_MSGSEND = YES;
				ENABLE_TESTABILITY = YES;
				GCC_C_LANGUAGE_STANDARD = gnu11;
				GCC_DYNAMIC_NO_PIC = NO;
				GCC_NO_COMMON_BLOCKS = YES;
				GCC_OPTIMIZATION_LEVEL = 0;
				GCC_PREPROCESSOR_DEFINITIONS = (
					"DEBUG=1",
					"$(inherited)",
				);
				GCC_WARN_64_TO_32_BIT_CONVERSION = YES;
				GCC_WARN_ABOUT_RETURN_TYPE = YES_ERROR;
				GCC_WARN_UNDECLARED_SELECTOR = YES;
				GCC_WARN_UNINITIALIZED_AUTOS = YES_AGGRESSIVE;
				GCC_WARN_UNUSED_FUNCTION = YES;
				GCC_WARN_UNUSED_VARIABLE = YES;
				IPHONEOS_DEPLOYMENT_TARGET = 14.3;
				MTL_ENABLE_DEBUG_INFO = INCLUDE_SOURCE;
				MTL_FAST_MATH = YES;
				ONLY_ACTIVE_ARCH = YES;
				SDKROOT = iphoneos;
				SWIFT_ACTIVE_COMPILATION_CONDITIONS = DEBUG;
				SWIFT_OPTIMIZATION_LEVEL = "-Onone";
			};
			name = Debug;
		};
		5913BA6925C1F11100139662 /* Release */ = {
			isa = XCBuildConfiguration;
			buildSettings = {
				ALWAYS_SEARCH_USER_PATHS = NO;
				CLANG_ANALYZER_NONNULL = YES;
				CLANG_ANALYZER_NUMBER_OBJECT_CONVERSION = YES_AGGRESSIVE;
				CLANG_CXX_LANGUAGE_STANDARD = "gnu++14";
				CLANG_CXX_LIBRARY = "libc++";
				CLANG_ENABLE_MODULES = YES;
				CLANG_ENABLE_OBJC_ARC = YES;
				CLANG_ENABLE_OBJC_WEAK = YES;
				CLANG_WARN_BLOCK_CAPTURE_AUTORELEASING = YES;
				CLANG_WARN_BOOL_CONVERSION = YES;
				CLANG_WARN_COMMA = YES;
				CLANG_WARN_CONSTANT_CONVERSION = YES;
				CLANG_WARN_DEPRECATED_OBJC_IMPLEMENTATIONS = YES;
				CLANG_WARN_DIRECT_OBJC_ISA_USAGE = YES_ERROR;
				CLANG_WARN_DOCUMENTATION_COMMENTS = YES;
				CLANG_WARN_EMPTY_BODY = YES;
				CLANG_WARN_ENUM_CONVERSION = YES;
				CLANG_WARN_INFINITE_RECURSION = YES;
				CLANG_WARN_INT_CONVERSION = YES;
				CLANG_WARN_NON_LITERAL_NULL_CONVERSION = YES;
				CLANG_WARN_OBJC_IMPLICIT_RETAIN_SELF = YES;
				CLANG_WARN_OBJC_LITERAL_CONVERSION = YES;
				CLANG_WARN_OBJC_ROOT_CLASS = YES_ERROR;
				CLANG_WARN_QUOTED_INCLUDE_IN_FRAMEWORK_HEADER = YES;
				CLANG_WARN_RANGE_LOOP_ANALYSIS = YES;
				CLANG_WARN_STRICT_PROTOTYPES = YES;
				CLANG_WARN_SUSPICIOUS_MOVE = YES;
				CLANG_WARN_UNGUARDED_AVAILABILITY = YES_AGGRESSIVE;
				CLANG_WARN_UNREACHABLE_CODE = YES;
				CLANG_WARN__DUPLICATE_METHOD_MATCH = YES;
				COPY_PHASE_STRIP = NO;
				DEBUG_INFORMATION_FORMAT = "dwarf-with-dsym";
				ENABLE_NS_ASSERTIONS = NO;
				ENABLE_STRICT_OBJC_MSGSEND = YES;
				GCC_C_LANGUAGE_STANDARD = gnu11;
				GCC_NO_COMMON_BLOCKS = YES;
				GCC_WARN_64_TO_32_BIT_CONVERSION = YES;
				GCC_WARN_ABOUT_RETURN_TYPE = YES_ERROR;
				GCC_WARN_UNDECLARED_SELECTOR = YES;
				GCC_WARN_UNINITIALIZED_AUTOS = YES_AGGRESSIVE;
				GCC_WARN_UNUSED_FUNCTION = YES;
				GCC_WARN_UNUSED_VARIABLE = YES;
				IPHONEOS_DEPLOYMENT_TARGET = 14.3;
				MTL_ENABLE_DEBUG_INFO = NO;
				MTL_FAST_MATH = YES;
				SDKROOT = iphoneos;
				SWIFT_COMPILATION_MODE = wholemodule;
				SWIFT_OPTIMIZATION_LEVEL = "-O";
				VALIDATE_PRODUCT = YES;
			};
			name = Release;
		};
		5913BA6B25C1F11100139662 /* Debug */ = {
			isa = XCBuildConfiguration;
			buildSettings = {
				ASSETCATALOG_COMPILER_APPICON_NAME = AppIcon;
				ASSETCATALOG_COMPILER_GLOBAL_ACCENT_COLOR_NAME = AccentColor;
				CODE_SIGN_STYLE = Automatic;
				DEVELOPMENT_TEAM = 2U839UJ7U7;
				INFOPLIST_FILE = BMI/Info.plist;
				LD_RUNPATH_SEARCH_PATHS = (
					"$(inherited)",
					"@executable_path/Frameworks",
				);
				PRODUCT_BUNDLE_IDENTIFIER = de.designexe.BMI;
				PRODUCT_NAME = "$(TARGET_NAME)";
				SWIFT_VERSION = 5.0;
				TARGETED_DEVICE_FAMILY = "1,2";
			};
			name = Debug;
		};
		5913BA6C25C1F11100139662 /* Release */ = {
			isa = XCBuildConfiguration;
			buildSettings = {
				ASSETCATALOG_COMPILER_APPICON_NAME = AppIcon;
				ASSETCATALOG_COMPILER_GLOBAL_ACCENT_COLOR_NAME = AccentColor;
				CODE_SIGN_STYLE = Automatic;
				DEVELOPMENT_TEAM = 2U839UJ7U7;
				INFOPLIST_FILE = BMI/Info.plist;
				LD_RUNPATH_SEARCH_PATHS = (
					"$(inherited)",
					"@executable_path/Frameworks",
				);
				PRODUCT_BUNDLE_IDENTIFIER = de.designexe.BMI;
				PRODUCT_NAME = "$(TARGET_NAME)";
				SWIFT_VERSION = 5.0;
				TARGETED_DEVICE_FAMILY = "1,2";
			};
			name = Release;
		};
		5913BA6E25C1F11100139662 /* Debug */ = {
			isa = XCBuildConfiguration;
			buildSettings = {
				ALWAYS_EMBED_SWIFT_STANDARD_LIBRARIES = YES;
				BUNDLE_LOADER = "$(TEST_HOST)";
				CODE_SIGN_STYLE = Automatic;
				DEVELOPMENT_TEAM = 6JM29BXL54;
				INFOPLIST_FILE = BMITests/Info.plist;
				IPHONEOS_DEPLOYMENT_TARGET = 14.3;
				LD_RUNPATH_SEARCH_PATHS = (
					"$(inherited)",
					"@executable_path/Frameworks",
					"@loader_path/Frameworks",
				);
				PRODUCT_BUNDLE_IDENTIFIER = de.designexe.BMITests;
				PRODUCT_NAME = "$(TARGET_NAME)";
				SWIFT_VERSION = 5.0;
				TARGETED_DEVICE_FAMILY = "1,2";
				TEST_HOST = "$(BUILT_PRODUCTS_DIR)/BMI.app/BMI";
			};
			name = Debug;
		};
		5913BA6F25C1F11100139662 /* Release */ = {
			isa = XCBuildConfiguration;
			buildSettings = {
				ALWAYS_EMBED_SWIFT_STANDARD_LIBRARIES = YES;
				BUNDLE_LOADER = "$(TEST_HOST)";
				CODE_SIGN_STYLE = Automatic;
				DEVELOPMENT_TEAM = 6JM29BXL54;
				INFOPLIST_FILE = BMITests/Info.plist;
				IPHONEOS_DEPLOYMENT_TARGET = 14.3;
				LD_RUNPATH_SEARCH_PATHS = (
					"$(inherited)",
					"@executable_path/Frameworks",
					"@loader_path/Frameworks",
				);
				PRODUCT_BUNDLE_IDENTIFIER = de.designexe.BMITests;
				PRODUCT_NAME = "$(TARGET_NAME)";
				SWIFT_VERSION = 5.0;
				TARGETED_DEVICE_FAMILY = "1,2";
				TEST_HOST = "$(BUILT_PRODUCTS_DIR)/BMI.app/BMI";
			};
			name = Release;
		};
		5913BA7125C1F11100139662 /* Debug */ = {
			isa = XCBuildConfiguration;
			buildSettings = {
				ALWAYS_EMBED_SWIFT_STANDARD_LIBRARIES = YES;
				CODE_SIGN_STYLE = Automatic;
				DEVELOPMENT_TEAM = 6JM29BXL54;
				INFOPLIST_FILE = BMIUITests/Info.plist;
				LD_RUNPATH_SEARCH_PATHS = (
					"$(inherited)",
					"@executable_path/Frameworks",
					"@loader_path/Frameworks",
				);
				PRODUCT_BUNDLE_IDENTIFIER = de.designexe.BMIUITests;
				PRODUCT_NAME = "$(TARGET_NAME)";
				SWIFT_VERSION = 5.0;
				TARGETED_DEVICE_FAMILY = "1,2";
				TEST_TARGET_NAME = BMI;
			};
			name = Debug;
		};
		5913BA7225C1F11100139662 /* Release */ = {
			isa = XCBuildConfiguration;
			buildSettings = {
				ALWAYS_EMBED_SWIFT_STANDARD_LIBRARIES = YES;
				CODE_SIGN_STYLE = Automatic;
				DEVELOPMENT_TEAM = 6JM29BXL54;
				INFOPLIST_FILE = BMIUITests/Info.plist;
				LD_RUNPATH_SEARCH_PATHS = (
					"$(inherited)",
					"@executable_path/Frameworks",
					"@loader_path/Frameworks",
				);
				PRODUCT_BUNDLE_IDENTIFIER = de.designexe.BMIUITests;
				PRODUCT_NAME = "$(TARGET_NAME)";
				SWIFT_VERSION = 5.0;
				TARGETED_DEVICE_FAMILY = "1,2";
				TEST_TARGET_NAME = BMI;
			};
			name = Release;
		};
/* End XCBuildConfiguration section */

/* Begin XCConfigurationList section */
		5913BA3B25C1F11000139662 /* Build configuration list for PBXProject "BMI" */ = {
			isa = XCConfigurationList;
			buildConfigurations = (
				5913BA6825C1F11100139662 /* Debug */,
				5913BA6925C1F11100139662 /* Release */,
			);
			defaultConfigurationIsVisible = 0;
			defaultConfigurationName = Release;
		};
		5913BA6A25C1F11100139662 /* Build configuration list for PBXNativeTarget "BMI" */ = {
			isa = XCConfigurationList;
			buildConfigurations = (
				5913BA6B25C1F11100139662 /* Debug */,
				5913BA6C25C1F11100139662 /* Release */,
			);
			defaultConfigurationIsVisible = 0;
			defaultConfigurationName = Release;
		};
		5913BA6D25C1F11100139662 /* Build configuration list for PBXNativeTarget "BMITests" */ = {
			isa = XCConfigurationList;
			buildConfigurations = (
				5913BA6E25C1F11100139662 /* Debug */,
				5913BA6F25C1F11100139662 /* Release */,
			);
			defaultConfigurationIsVisible = 0;
			defaultConfigurationName = Release;
		};
		5913BA7025C1F11100139662 /* Build configuration list for PBXNativeTarget "BMIUITests" */ = {
			isa = XCConfigurationList;
			buildConfigurations = (
				5913BA7125C1F11100139662 /* Debug */,
				5913BA7225C1F11100139662 /* Release */,
			);
			defaultConfigurationIsVisible = 0;
			defaultConfigurationName = Release;
		};
/* End XCConfigurationList section */
	};
	rootObject = 5913BA3825C1F11000139662 /* Project object */;
}
